
Microsoft Visual Studio Solution File, Format Version 12.00
# Visual Studio Version 16
VisualStudioVersion = 16.0.29519.87
MinimumVisualStudioVersion = 10.0.40219.1
Project("{FAE04EC0-301F-11D3-BF4B-00C04F79EFBC}") = "Bai_Tap", "Bai_Tap\Bai_Tap.csproj", "{DDC31C60-1B3E-4CB4-A11D-601A171C61ED}"
EndProject
Global
	GlobalSection(SolutionConfigurationPlatforms) = preSolution
		Debug|Any CPU = Debug|Any CPU
		Release|Any CPU = Release|Any CPU
	EndGlobalSection
	GlobalSection(ProjectConfigurationPlatforms) = postSolution
		{DDC31C60-1B3E-4CB4-A11D-601A171C61ED}.Debug|Any CPU.ActiveCfg = Debug|Any CPU
		{DDC31C60-1B3E-4CB4-A11D-601A171C61ED}.Debug|Any CPU.Build.0 = Debug|Any CPU
		{DDC31C60-1B3E-4CB4-A11D-601A171C61ED}.Release|Any CPU.ActiveCfg = Release|Any CPU
		{DDC31C60-1B3E-4CB4-A11D-601A171C61ED}.Release|Any CPU.Build.0 = Release|Any CPU
	EndGlobalSection
	GlobalSection(SolutionProperties) = preSolution
		HideSolutionNode = FALSE
	EndGlobalSection
	GlobalSection(ExtensibilityGlobals) = postSolution
		SolutionGuid = {2248CD63-96C2-43CC-9691-60327F2E5282}
	EndGlobalSection
EndGlobal
